{
  "originHash" : "3cdb92c442fa6fecf3685b81adfefcaab0fa7fe388154878de39e4d5c9c03dae",
  "pins" : [
    {
      "identity" : "swift-toolchain-sqlite",
      "kind" : "remoteSourceControl",
      "location" : "https://github.com/swiftlang/swift-toolchain-sqlite",
      "state" : {
        "revision" : "b626d3002773b1a1304166643e7f118f724b2132",
        "version" : "1.0.4"
      }
    }
  ],
  "version" : 3
}
